
Microsoft Visual Studio Solution File, Format Version 12.00
# Visual Studio 2013
VisualStudioVersion = 12.0.31101.0
MinimumVisualStudioVersion = 10.0.40219.1
Project("{FAE04EC0-301F-11D3-BF4B-00C04F79EFBC}") = "MemorySessionProvider", "MemorySessionProvider\MemorySessionProvider.csproj", "{11E098FD-D112-4F01-AC42-F42F98FD420E}"
EndProject
Project("{FAE04EC0-301F-11D3-BF4B-00C04F79EFBC}") = "Web", "Web\Web.csproj", "{8D5570BE-EFE1-42D8-8DD7-A94306734D40}"
EndProject
Global
	GlobalSection(SolutionConfigurationPlatforms) = preSolution
		Debug|Any CPU = Debug|Any CPU
		Release|Any CPU = Release|Any CPU
	EndGlobalSection
	GlobalSection(ProjectConfigurationPlatforms) = postSolution
		{11E098FD-D112-4F01-AC42-F42F98FD420E}.Debug|Any CPU.ActiveCfg = Debug|Any CPU
		{11E098FD-D112-4F01-AC42-F42F98FD420E}.Debug|Any CPU.Build.0 = Debug|Any CPU
		{11E098FD-D112-4F01-AC42-F42F98FD420E}.Release|Any CPU.ActiveCfg = Release|Any CPU
		{11E098FD-D112-4F01-AC42-F42F98FD420E}.Release|Any CPU.Build.0 = Release|Any CPU
		{8D5570BE-EFE1-42D8-8DD7-A94306734D40}.Debug|Any CPU.ActiveCfg = Debug|Any CPU
		{8D5570BE-EFE1-42D8-8DD7-A94306734D40}.Debug|Any CPU.Build.0 = Debug|Any CPU
		{8D5570BE-EFE1-42D8-8DD7-A94306734D40}.Release|Any CPU.ActiveCfg = Release|Any CPU
		{8D5570BE-EFE1-42D8-8DD7-A94306734D40}.Release|Any CPU.Build.0 = Release|Any CPU
	EndGlobalSection
	GlobalSection(SolutionProperties) = preSolution
		HideSolutionNode = FALSE
	EndGlobalSection
EndGlobal
